
Microsoft Visual Studio Solution File, Format Version 12.00
# Visual Studio Version 17
VisualStudioVersion = 17.1.32421.90
MinimumVisualStudioVersion = 10.0.40219.1
Project("{FAE04EC0-301F-11D3-BF4B-00C04F79EFBC}") = "7-MVC-GenericRepository", "7-MVC-GenericRepository\7-MVC-GenericRepository.csproj", "{E7463FC5-CDAB-442E-ACD9-D6389B78EAF3}"
EndProject
Global
	GlobalSection(SolutionConfigurationPlatforms) = preSolution
		Debug|Any CPU = Debug|Any CPU
		Release|Any CPU = Release|Any CPU
	EndGlobalSection
	GlobalSection(ProjectConfigurationPlatforms) = postSolution
		{E7463FC5-CDAB-442E-ACD9-D6389B78EAF3}.Debug|Any CPU.ActiveCfg = Debug|Any CPU
		{E7463FC5-CDAB-442E-ACD9-D6389B78EAF3}.Debug|Any CPU.Build.0 = Debug|Any CPU
		{E7463FC5-CDAB-442E-ACD9-D6389B78EAF3}.Release|Any CPU.ActiveCfg = Release|Any CPU
		{E7463FC5-CDAB-442E-ACD9-D6389B78EAF3}.Release|Any CPU.Build.0 = Release|Any CPU
	EndGlobalSection
	GlobalSection(SolutionProperties) = preSolution
		HideSolutionNode = FALSE
	EndGlobalSection
	GlobalSection(ExtensibilityGlobals) = postSolution
		SolutionGuid = {75AD3492-B57B-47C3-B54F-23F15D44C3D2}
	EndGlobalSection
EndGlobal
